// !$*UTF8*$!
{
	archiveVersion = 1;
	classes = {
	};
	objectVersion = 56;
	objects = {

/* Begin PBXBuildFile section */
		CA1FE1FE2C6A90D200C3414B /* ResponseHandler.swift in Sources */ = {isa = PBXBuildFile; fileRef = CA1FE1FD2C6A90D200C3414B /* ResponseHandler.swift */; };
		CA1FE2002C6A935F00C3414B /* Julia.swift in Sources */ = {isa = PBXBuildFile; fileRef = CA1FE1FF2C6A935F00C3414B /* Julia.swift */; };
		CA1FE2022C6A936B00C3414B /* PlanetNine.swift in Sources */ = {isa = PBXBuildFile; fileRef = CA1FE2012C6A936B00C3414B /* PlanetNine.swift */; };
		CA1FE2042C6A937400C3414B /* Pref.swift in Sources */ = {isa = PBXBuildFile; fileRef = CA1FE2032C6A937400C3414B /* Pref.swift */; };
		CA1FE2062C6B33AF00C3414B /* ImagePickerView.swift in Sources */ = {isa = PBXBuildFile; fileRef = CA1FE2052C6B33AF00C3414B /* ImagePickerView.swift */; };
		CA34DD6D2C4E2E9D0018DBC0 /* DialogBoxView.swift in Sources */ = {isa = PBXBuildFile; fileRef = CA34DD6C2C4E2E9D0018DBC0 /* DialogBoxView.swift */; };
		CA34DD6F2C50D29D0018DBC0 /* DialogBoxTextFieldView.swift in Sources */ = {isa = PBXBuildFile; fileRef = CA34DD6E2C50D29D0018DBC0 /* DialogBoxTextFieldView.swift */; };
		CA51893C2C4C2D54008EB941 /* ConnectionsView.swift in Sources */ = {isa = PBXBuildFile; fileRef = CA51893B2C4C2D54008EB941 /* ConnectionsView.swift */; };
		CA51893E2C4C3A2B008EB941 /* JuliaButton.swift in Sources */ = {isa = PBXBuildFile; fileRef = CA51893D2C4C3A2B008EB941 /* JuliaButton.swift */; };
		CA5189402C4C5FF3008EB941 /* JuliaTextField.swift in Sources */ = {isa = PBXBuildFile; fileRef = CA51893F2C4C5FF3008EB941 /* JuliaTextField.swift */; };
		CA5189422C4E2429008EB941 /* ConnectionView.swift in Sources */ = {isa = PBXBuildFile; fileRef = CA5189412C4E2429008EB941 /* ConnectionView.swift */; };
		CA7EFB1B2C41C7C6009A8FDD /* JuliaChatApp.swift in Sources */ = {isa = PBXBuildFile; fileRef = CA7EFB1A2C41C7C6009A8FDD /* JuliaChatApp.swift */; };
		CA7EFB1D2C41C7C6009A8FDD /* ContentView.swift in Sources */ = {isa = PBXBuildFile; fileRef = CA7EFB1C2C41C7C6009A8FDD /* ContentView.swift */; };
		CA7EFB1F2C41C7C6009A8FDD /* Item.swift in Sources */ = {isa = PBXBuildFile; fileRef = CA7EFB1E2C41C7C6009A8FDD /* Item.swift */; };
		CA7EFB212C41C7C8009A8FDD /* Assets.xcassets in Resources */ = {isa = PBXBuildFile; fileRef = CA7EFB202C41C7C8009A8FDD /* Assets.xcassets */; };
		CA7EFB252C41C7C8009A8FDD /* Preview Assets.xcassets in Resources */ = {isa = PBXBuildFile; fileRef = CA7EFB242C41C7C8009A8FDD /* Preview Assets.xcassets */; };
		CA86A09E2C5DBE0D0096819C /* StripePaymentSheet in Frameworks */ = {isa = PBXBuildFile; productRef = CA86A09D2C5DBE0D0096819C /* StripePaymentSheet */; };
		CA86A0A02C5DC2C10096819C /* PaymentView.swift in Sources */ = {isa = PBXBuildFile; fileRef = CA86A09F2C5DC2C10096819C /* PaymentView.swift */; };
		CA86A0A22C5DF85D0096819C /* PlanetNineUser.swift in Sources */ = {isa = PBXBuildFile; fileRef = CA86A0A12C5DF85D0096819C /* PlanetNineUser.swift */; };
		CACD590B2C41CF4E00813D20 /* UserModel.swift in Sources */ = {isa = PBXBuildFile; fileRef = CACD590A2C41CF4E00813D20 /* UserModel.swift */; };
		CACD590D2C4245D800813D20 /* MessageModel.swift in Sources */ = {isa = PBXBuildFile; fileRef = CACD590C2C4245D800813D20 /* MessageModel.swift */; };
		CACD59102C478CF600813D20 /* Network.swift in Sources */ = {isa = PBXBuildFile; fileRef = CACD590F2C478CF600813D20 /* Network.swift */; };
		CACD59122C47935B00813D20 /* PromptModel.swift in Sources */ = {isa = PBXBuildFile; fileRef = CACD59112C47935B00813D20 /* PromptModel.swift */; };
		CACD59142C486F8600813D20 /* AssociateModel.swift in Sources */ = {isa = PBXBuildFile; fileRef = CACD59132C486F8600813D20 /* AssociateModel.swift */; };
		CACD59172C48DD1200813D20 /* WelcomeView.swift in Sources */ = {isa = PBXBuildFile; fileRef = CACD59162C48DD1200813D20 /* WelcomeView.swift */; };
		CACD591B2C48DD2C00813D20 /* ChatView.swift in Sources */ = {isa = PBXBuildFile; fileRef = CACD591A2C48DD2C00813D20 /* ChatView.swift */; };
		CACD591D2C48DFDD00813D20 /* PlanetNineView.swift in Sources */ = {isa = PBXBuildFile; fileRef = CACD591C2C48DFDD00813D20 /* PlanetNineView.swift */; };
		CACD59202C4A312B00813D20 /* Localizable.xcstrings in Resources */ = {isa = PBXBuildFile; fileRef = CACD591F2C4A312B00813D20 /* Localizable.xcstrings */; };
		CAE7E76F2C41CA62002B761A /* crypto.js in Resources */ = {isa = PBXBuildFile; fileRef = CAE7E76D2C41CA62002B761A /* crypto.js */; };
		CAE7E7702C41CA62002B761A /* Sessionless.swift in Sources */ = {isa = PBXBuildFile; fileRef = CAE7E76E2C41CA62002B761A /* Sessionless.swift */; };
/* End PBXBuildFile section */

/* Begin PBXFileReference section */
		CA1FE1FD2C6A90D200C3414B /* ResponseHandler.swift */ = {isa = PBXFileReference; lastKnownFileType = sourcecode.swift; path = ResponseHandler.swift; sourceTree = "<group>"; };
		CA1FE1FF2C6A935F00C3414B /* Julia.swift */ = {isa = PBXFileReference; lastKnownFileType = sourcecode.swift; path = Julia.swift; sourceTree = "<group>"; };
		CA1FE2012C6A936B00C3414B /* PlanetNine.swift */ = {isa = PBXFileReference; lastKnownFileType = sourcecode.swift; path = PlanetNine.swift; sourceTree = "<group>"; };
		CA1FE2032C6A937400C3414B /* Pref.swift */ = {isa = PBXFileReference; lastKnownFileType = sourcecode.swift; path = Pref.swift; sourceTree = "<group>"; };
		CA1FE2052C6B33AF00C3414B /* ImagePickerView.swift */ = {isa = PBXFileReference; lastKnownFileType = sourcecode.swift; path = ImagePickerView.swift; sourceTree = "<group>"; };
		CA34DD6C2C4E2E9D0018DBC0 /* DialogBoxView.swift */ = {isa = PBXFileReference; lastKnownFileType = sourcecode.swift; path = DialogBoxView.swift; sourceTree = "<group>"; };
		CA34DD6E2C50D29D0018DBC0 /* DialogBoxTextFieldView.swift */ = {isa = PBXFileReference; lastKnownFileType = sourcecode.swift; path = DialogBoxTextFieldView.swift; sourceTree = "<group>"; };
		CA51893B2C4C2D54008EB941 /* ConnectionsView.swift */ = {isa = PBXFileReference; lastKnownFileType = sourcecode.swift; path = ConnectionsView.swift; sourceTree = "<group>"; };
		CA51893D2C4C3A2B008EB941 /* JuliaButton.swift */ = {isa = PBXFileReference; lastKnownFileType = sourcecode.swift; path = JuliaButton.swift; sourceTree = "<group>"; };
		CA51893F2C4C5FF3008EB941 /* JuliaTextField.swift */ = {isa = PBXFileReference; lastKnownFileType = sourcecode.swift; path = JuliaTextField.swift; sourceTree = "<group>"; };
		CA5189412C4E2429008EB941 /* ConnectionView.swift */ = {isa = PBXFileReference; lastKnownFileType = sourcecode.swift; path = ConnectionView.swift; sourceTree = "<group>"; };
		CA7EFB172C41C7C6009A8FDD /* JuliaChat.app */ = {isa = PBXFileReference; explicitFileType = wrapper.application; includeInIndex = 0; path = JuliaChat.app; sourceTree = BUILT_PRODUCTS_DIR; };
		CA7EFB1A2C41C7C6009A8FDD /* JuliaChatApp.swift */ = {isa = PBXFileReference; lastKnownFileType = sourcecode.swift; path = JuliaChatApp.swift; sourceTree = "<group>"; };
		CA7EFB1C2C41C7C6009A8FDD /* ContentView.swift */ = {isa = PBXFileReference; lastKnownFileType = sourcecode.swift; path = ContentView.swift; sourceTree = "<group>"; };
		CA7EFB1E2C41C7C6009A8FDD /* Item.swift */ = {isa = PBXFileReference; lastKnownFileType = sourcecode.swift; path = Item.swift; sourceTree = "<group>"; };
		CA7EFB202C41C7C8009A8FDD /* Assets.xcassets */ = {isa = PBXFileReference; lastKnownFileType = folder.assetcatalog; path = Assets.xcassets; sourceTree = "<group>"; };
		CA7EFB222C41C7C8009A8FDD /* JuliaChat.entitlements */ = {isa = PBXFileReference; lastKnownFileType = text.plist.entitlements; path = JuliaChat.entitlements; sourceTree = "<group>"; };
		CA7EFB242C41C7C8009A8FDD /* Preview Assets.xcassets */ = {isa = PBXFileReference; lastKnownFileType = folder.assetcatalog; path = "Preview Assets.xcassets"; sourceTree = "<group>"; };
		CA86A09F2C5DC2C10096819C /* PaymentView.swift */ = {isa = PBXFileReference; lastKnownFileType = sourcecode.swift; path = PaymentView.swift; sourceTree = "<group>"; };
		CA86A0A12C5DF85D0096819C /* PlanetNineUser.swift */ = {isa = PBXFileReference; lastKnownFileType = sourcecode.swift; path = PlanetNineUser.swift; sourceTree = "<group>"; };
		CACD590A2C41CF4E00813D20 /* UserModel.swift */ = {isa = PBXFileReference; lastKnownFileType = sourcecode.swift; path = UserModel.swift; sourceTree = "<group>"; };
		CACD590C2C4245D800813D20 /* MessageModel.swift */ = {isa = PBXFileReference; lastKnownFileType = sourcecode.swift; path = MessageModel.swift; sourceTree = "<group>"; };
		CACD590F2C478CF600813D20 /* Network.swift */ = {isa = PBXFileReference; lastKnownFileType = sourcecode.swift; path = Network.swift; sourceTree = "<group>"; };
		CACD59112C47935B00813D20 /* PromptModel.swift */ = {isa = PBXFileReference; lastKnownFileType = sourcecode.swift; path = PromptModel.swift; sourceTree = "<group>"; };
		CACD59132C486F8600813D20 /* AssociateModel.swift */ = {isa = PBXFileReference; lastKnownFileType = sourcecode.swift; path = AssociateModel.swift; sourceTree = "<group>"; };
		CACD59162C48DD1200813D20 /* WelcomeView.swift */ = {isa = PBXFileReference; lastKnownFileType = sourcecode.swift; path = WelcomeView.swift; sourceTree = "<group>"; };
		CACD591A2C48DD2C00813D20 /* ChatView.swift */ = {isa = PBXFileReference; lastKnownFileType = sourcecode.swift; path = ChatView.swift; sourceTree = "<group>"; };
		CACD591C2C48DFDD00813D20 /* PlanetNineView.swift */ = {isa = PBXFileReference; lastKnownFileType = sourcecode.swift; path = PlanetNineView.swift; sourceTree = "<group>"; };
		CACD591F2C4A312B00813D20 /* Localizable.xcstrings */ = {isa = PBXFileReference; lastKnownFileType = text.json.xcstrings; path = Localizable.xcstrings; sourceTree = "<group>"; };
		CAE7E76D2C41CA62002B761A /* crypto.js */ = {isa = PBXFileReference; fileEncoding = 4; lastKnownFileType = sourcecode.javascript; path = crypto.js; sourceTree = "<group>"; };
		CAE7E76E2C41CA62002B761A /* Sessionless.swift */ = {isa = PBXFileReference; fileEncoding = 4; lastKnownFileType = sourcecode.swift; path = Sessionless.swift; sourceTree = "<group>"; };
/* End PBXFileReference section */

/* Begin PBXFrameworksBuildPhase section */
		CA7EFB142C41C7C6009A8FDD /* Frameworks */ = {
			isa = PBXFrameworksBuildPhase;
			buildActionMask = 2147483647;
			files = (
				CA86A09E2C5DBE0D0096819C /* StripePaymentSheet in Frameworks */,
			);
			runOnlyForDeploymentPostprocessing = 0;
		};
/* End PBXFrameworksBuildPhase section */

/* Begin PBXGroup section */
		CA7EFB0E2C41C7C6009A8FDD = {
			isa = PBXGroup;
			children = (
				CA7EFB192C41C7C6009A8FDD /* JuliaChat */,
				CA7EFB182C41C7C6009A8FDD /* Products */,
			);
			sourceTree = "<group>";
		};
		CA7EFB182C41C7C6009A8FDD /* Products */ = {
			isa = PBXGroup;
			children = (
				CA7EFB172C41C7C6009A8FDD /* JuliaChat.app */,
			);
			name = Products;
			sourceTree = "<group>";
		};
		CA7EFB192C41C7C6009A8FDD /* JuliaChat */ = {
			isa = PBXGroup;
			children = (
				CACD591E2C4A310900813D20 /* Localizations */,
				CACD59152C48DCFC00813D20 /* Views */,
				CACD590E2C478CE200813D20 /* Network */,
				CACD59092C41CF3100813D20 /* Models */,
				CAE7E7712C41CA83002B761A /* Auth */,
				CA7EFB1A2C41C7C6009A8FDD /* JuliaChatApp.swift */,
				CA7EFB1C2C41C7C6009A8FDD /* ContentView.swift */,
				CA7EFB1E2C41C7C6009A8FDD /* Item.swift */,
				CA7EFB202C41C7C8009A8FDD /* Assets.xcassets */,
				CA7EFB222C41C7C8009A8FDD /* JuliaChat.entitlements */,
				CA7EFB232C41C7C8009A8FDD /* Preview Content */,
			);
			path = JuliaChat;
			sourceTree = "<group>";
		};
		CA7EFB232C41C7C8009A8FDD /* Preview Content */ = {
			isa = PBXGroup;
			children = (
				CA7EFB242C41C7C8009A8FDD /* Preview Assets.xcassets */,
			);
			path = "Preview Content";
			sourceTree = "<group>";
		};
		CACD59092C41CF3100813D20 /* Models */ = {
			isa = PBXGroup;
			children = (
				CACD590A2C41CF4E00813D20 /* UserModel.swift */,
				CA86A0A12C5DF85D0096819C /* PlanetNineUser.swift */,
				CACD590C2C4245D800813D20 /* MessageModel.swift */,
				CACD59112C47935B00813D20 /* PromptModel.swift */,
				CACD59132C486F8600813D20 /* AssociateModel.swift */,
			);
			path = Models;
			sourceTree = "<group>";
		};
		CACD590E2C478CE200813D20 /* Network */ = {
			isa = PBXGroup;
			children = (
				CACD590F2C478CF600813D20 /* Network.swift */,
				CA1FE1FD2C6A90D200C3414B /* ResponseHandler.swift */,
				CA1FE1FF2C6A935F00C3414B /* Julia.swift */,
				CA1FE2012C6A936B00C3414B /* PlanetNine.swift */,
				CA1FE2032C6A937400C3414B /* Pref.swift */,
			);
			path = Network;
			sourceTree = "<group>";
		};
		CACD59152C48DCFC00813D20 /* Views */ = {
			isa = PBXGroup;
			children = (
				CACD59162C48DD1200813D20 /* WelcomeView.swift */,
				CACD591A2C48DD2C00813D20 /* ChatView.swift */,
				CACD591C2C48DFDD00813D20 /* PlanetNineView.swift */,
				CA51893B2C4C2D54008EB941 /* ConnectionsView.swift */,
				CA51893D2C4C3A2B008EB941 /* JuliaButton.swift */,
				CA51893F2C4C5FF3008EB941 /* JuliaTextField.swift */,
				CA5189412C4E2429008EB941 /* ConnectionView.swift */,
				CA34DD6C2C4E2E9D0018DBC0 /* DialogBoxView.swift */,
				CA34DD6E2C50D29D0018DBC0 /* DialogBoxTextFieldView.swift */,
				CA86A09F2C5DC2C10096819C /* PaymentView.swift */,
				CA1FE2052C6B33AF00C3414B /* ImagePickerView.swift */,
			);
			path = Views;
			sourceTree = "<group>";
		};
		CACD591E2C4A310900813D20 /* Localizations */ = {
			isa = PBXGroup;
			children = (
				CACD591F2C4A312B00813D20 /* Localizable.xcstrings */,
			);
			path = Localizations;
			sourceTree = "<group>";
		};
		CAE7E7712C41CA83002B761A /* Auth */ = {
			isa = PBXGroup;
			children = (
				CAE7E76D2C41CA62002B761A /* crypto.js */,
				CAE7E76E2C41CA62002B761A /* Sessionless.swift */,
			);
			path = Auth;
			sourceTree = "<group>";
		};
/* End PBXGroup section */

/* Begin PBXNativeTarget section */
		CA7EFB162C41C7C6009A8FDD /* JuliaChat */ = {
			isa = PBXNativeTarget;
			buildConfigurationList = CA7EFB282C41C7C8009A8FDD /* Build configuration list for PBXNativeTarget "JuliaChat" */;
			buildPhases = (
				CA7EFB132C41C7C6009A8FDD /* Sources */,
				CA7EFB142C41C7C6009A8FDD /* Frameworks */,
				CA7EFB152C41C7C6009A8FDD /* Resources */,
			);
			buildRules = (
			);
			dependencies = (
			);
			name = JuliaChat;
			packageProductDependencies = (
				CA86A09D2C5DBE0D0096819C /* StripePaymentSheet */,
			);
			productName = JuliaChat;
			productReference = CA7EFB172C41C7C6009A8FDD /* JuliaChat.app */;
			productType = "com.apple.product-type.application";
		};
/* End PBXNativeTarget section */

/* Begin PBXProject section */
		CA7EFB0F2C41C7C6009A8FDD /* Project object */ = {
			isa = PBXProject;
			attributes = {
				BuildIndependentTargetsInParallel = 1;
				LastSwiftUpdateCheck = 1520;
				LastUpgradeCheck = 1520;
				TargetAttributes = {
					CA7EFB162C41C7C6009A8FDD = {
						CreatedOnToolsVersion = 15.2;
					};
				};
			};
			buildConfigurationList = CA7EFB122C41C7C6009A8FDD /* Build configuration list for PBXProject "JuliaChat" */;
			compatibilityVersion = "Xcode 14.0";
			developmentRegion = en;
			hasScannedForEncodings = 0;
			knownRegions = (
				en,
				Base,
			);
			mainGroup = CA7EFB0E2C41C7C6009A8FDD;
			packageReferences = (
				CA86A09C2C5DBE0D0096819C /* XCRemoteSwiftPackageReference "stripe-ios-spm" */,
			);
			productRefGroup = CA7EFB182C41C7C6009A8FDD /* Products */;
			projectDirPath = "";
			projectRoot = "";
			targets = (
				CA7EFB162C41C7C6009A8FDD /* JuliaChat */,
			);
		};
/* End PBXProject section */

/* Begin PBXResourcesBuildPhase section */
		CA7EFB152C41C7C6009A8FDD /* Resources */ = {
			isa = PBXResourcesBuildPhase;
			buildActionMask = 2147483647;
			files = (
				CAE7E76F2C41CA62002B761A /* crypto.js in Resources */,
				CA7EFB252C41C7C8009A8FDD /* Preview Assets.xcassets in Resources */,
				CACD59202C4A312B00813D20 /* Localizable.xcstrings in Resources */,
				CA7EFB212C41C7C8009A8FDD /* Assets.xcassets in Resources */,
			);
			runOnlyForDeploymentPostprocessing = 0;
		};
/* End PBXResourcesBuildPhase section */

/* Begin PBXSourcesBuildPhase section */
		CA7EFB132C41C7C6009A8FDD /* Sources */ = {
			isa = PBXSourcesBuildPhase;
			buildActionMask = 2147483647;
			files = (
				CA34DD6D2C4E2E9D0018DBC0 /* DialogBoxView.swift in Sources */,
				CA7EFB1D2C41C7C6009A8FDD /* ContentView.swift in Sources */,
				CACD590D2C4245D800813D20 /* MessageModel.swift in Sources */,
				CA7EFB1F2C41C7C6009A8FDD /* Item.swift in Sources */,
				CA7EFB1B2C41C7C6009A8FDD /* JuliaChatApp.swift in Sources */,
				CA1FE2022C6A936B00C3414B /* PlanetNine.swift in Sources */,
				CACD591B2C48DD2C00813D20 /* ChatView.swift in Sources */,
				CA34DD6F2C50D29D0018DBC0 /* DialogBoxTextFieldView.swift in Sources */,
				CACD590B2C41CF4E00813D20 /* UserModel.swift in Sources */,
				CA1FE2062C6B33AF00C3414B /* ImagePickerView.swift in Sources */,
				CA86A0A22C5DF85D0096819C /* PlanetNineUser.swift in Sources */,
				CACD59172C48DD1200813D20 /* WelcomeView.swift in Sources */,
				CACD591D2C48DFDD00813D20 /* PlanetNineView.swift in Sources */,
				CA51893C2C4C2D54008EB941 /* ConnectionsView.swift in Sources */,
				CA86A0A02C5DC2C10096819C /* PaymentView.swift in Sources */,
				CACD59102C478CF600813D20 /* Network.swift in Sources */,
				CA5189422C4E2429008EB941 /* ConnectionView.swift in Sources */,
				CA1FE2002C6A935F00C3414B /* Julia.swift in Sources */,
				CA5189402C4C5FF3008EB941 /* JuliaTextField.swift in Sources */,
				CA1FE2042C6A937400C3414B /* Pref.swift in Sources */,
				CAE7E7702C41CA62002B761A /* Sessionless.swift in Sources */,
				CA51893E2C4C3A2B008EB941 /* JuliaButton.swift in Sources */,
				CACD59142C486F8600813D20 /* AssociateModel.swift in Sources */,
				CACD59122C47935B00813D20 /* PromptModel.swift in Sources */,
				CA1FE1FE2C6A90D200C3414B /* ResponseHandler.swift in Sources */,
			);
			runOnlyForDeploymentPostprocessing = 0;
		};
/* End PBXSourcesBuildPhase section */

/* Begin XCBuildConfiguration section */
		CA7EFB262C41C7C8009A8FDD /* Debug */ = {
			isa = XCBuildConfiguration;
			buildSettings = {
				ALWAYS_SEARCH_USER_PATHS = NO;
				ASSETCATALOG_COMPILER_GENERATE_SWIFT_ASSET_SYMBOL_EXTENSIONS = YES;
				CLANG_ANALYZER_NONNULL = YES;
				CLANG_ANALYZER_NUMBER_OBJECT_CONVERSION = YES_AGGRESSIVE;
				CLANG_CXX_LANGUAGE_STANDARD = "gnu++20";
				CLANG_ENABLE_MODULES = YES;
				CLANG_ENABLE_OBJC_ARC = YES;
				CLANG_ENABLE_OBJC_WEAK = YES;
				CLANG_WARN_BLOCK_CAPTURE_AUTORELEASING = YES;
				CLANG_WARN_BOOL_CONVERSION = YES;
				CLANG_WARN_COMMA = YES;
				CLANG_WARN_CONSTANT_CONVERSION = YES;
				CLANG_WARN_DEPRECATED_OBJC_IMPLEMENTATIONS = YES;
				CLANG_WARN_DIRECT_OBJC_ISA_USAGE = YES_ERROR;
				CLANG_WARN_DOCUMENTATION_COMMENTS = YES;
				CLANG_WARN_EMPTY_BODY = YES;
				CLANG_WARN_ENUM_CONVERSION = YES;
				CLANG_WARN_INFINITE_RECURSION = YES;
				CLANG_WARN_INT_CONVERSION = YES;
				CLANG_WARN_NON_LITERAL_NULL_CONVERSION = YES;
				CLANG_WARN_OBJC_IMPLICIT_RETAIN_SELF = YES;
				CLANG_WARN_OBJC_LITERAL_CONVERSION = YES;
				CLANG_WARN_OBJC_ROOT_CLASS = YES_ERROR;
				CLANG_WARN_QUOTED_INCLUDE_IN_FRAMEWORK_HEADER = YES;
				CLANG_WARN_RANGE_LOOP_ANALYSIS = YES;
				CLANG_WARN_STRICT_PROTOTYPES = YES;
				CLANG_WARN_SUSPICIOUS_MOVE = YES;
				CLANG_WARN_UNGUARDED_AVAILABILITY = YES_AGGRESSIVE;
				CLANG_WARN_UNREACHABLE_CODE = YES;
				CLANG_WARN__DUPLICATE_METHOD_MATCH = YES;
				COPY_PHASE_STRIP = NO;
				DEBUG_INFORMATION_FORMAT = dwarf;
				ENABLE_STRICT_OBJC_MSGSEND = YES;
				ENABLE_TESTABILITY = YES;
				ENABLE_USER_SCRIPT_SANDBOXING = YES;
				GCC_C_LANGUAGE_STANDARD = gnu17;
				GCC_DYNAMIC_NO_PIC = NO;
				GCC_NO_COMMON_BLOCKS = YES;
				GCC_OPTIMIZATION_LEVEL = 0;
				GCC_PREPROCESSOR_DEFINITIONS = (
					"DEBUG=1",
					"$(inherited)",
				);
				GCC_WARN_64_TO_32_BIT_CONVERSION = YES;
				GCC_WARN_ABOUT_RETURN_TYPE = YES_ERROR;
				GCC_WARN_UNDECLARED_SELECTOR = YES;
				GCC_WARN_UNINITIALIZED_AUTOS = YES_AGGRESSIVE;
				GCC_WARN_UNUSED_FUNCTION = YES;
				GCC_WARN_UNUSED_VARIABLE = YES;
				LOCALIZATION_PREFERS_STRING_CATALOGS = YES;
				MTL_ENABLE_DEBUG_INFO = INCLUDE_SOURCE;
				MTL_FAST_MATH = YES;
				ONLY_ACTIVE_ARCH = YES;
				SWIFT_ACTIVE_COMPILATION_CONDITIONS = "DEBUG $(inherited)";
				SWIFT_OPTIMIZATION_LEVEL = "-Onone";
			};
			name = Debug;
		};
		CA7EFB272C41C7C8009A8FDD /* Release */ = {
			isa = XCBuildConfiguration;
			buildSettings = {
				ALWAYS_SEARCH_USER_PATHS = NO;
				ASSETCATALOG_COMPILER_GENERATE_SWIFT_ASSET_SYMBOL_EXTENSIONS = YES;
				CLANG_ANALYZER_NONNULL = YES;
				CLANG_ANALYZER_NUMBER_OBJECT_CONVERSION = YES_AGGRESSIVE;
				CLANG_CXX_LANGUAGE_STANDARD = "gnu++20";
				CLANG_ENABLE_MODULES = YES;
				CLANG_ENABLE_OBJC_ARC = YES;
				CLANG_ENABLE_OBJC_WEAK = YES;
				CLANG_WARN_BLOCK_CAPTURE_AUTORELEASING = YES;
				CLANG_WARN_BOOL_CONVERSION = YES;
				CLANG_WARN_COMMA = YES;
				CLANG_WARN_CONSTANT_CONVERSION = YES;
				CLANG_WARN_DEPRECATED_OBJC_IMPLEMENTATIONS = YES;
				CLANG_WARN_DIRECT_OBJC_ISA_USAGE = YES_ERROR;
				CLANG_WARN_DOCUMENTATION_COMMENTS = YES;
				CLANG_WARN_EMPTY_BODY = YES;
				CLANG_WARN_ENUM_CONVERSION = YES;
				CLANG_WARN_INFINITE_RECURSION = YES;
				CLANG_WARN_INT_CONVERSION = YES;
				CLANG_WARN_NON_LITERAL_NULL_CONVERSION = YES;
				CLANG_WARN_OBJC_IMPLICIT_RETAIN_SELF = YES;
				CLANG_WARN_OBJC_LITERAL_CONVERSION = YES;
				CLANG_WARN_OBJC_ROOT_CLASS = YES_ERROR;
				CLANG_WARN_QUOTED_INCLUDE_IN_FRAMEWORK_HEADER = YES;
				CLANG_WARN_RANGE_LOOP_ANALYSIS = YES;
				CLANG_WARN_STRICT_PROTOTYPES = YES;
				CLANG_WARN_SUSPICIOUS_MOVE = YES;
				CLANG_WARN_UNGUARDED_AVAILABILITY = YES_AGGRESSIVE;
				CLANG_WARN_UNREACHABLE_CODE = YES;
				CLANG_WARN__DUPLICATE_METHOD_MATCH = YES;
				COPY_PHASE_STRIP = NO;
				DEBUG_INFORMATION_FORMAT = "dwarf-with-dsym";
				ENABLE_NS_ASSERTIONS = NO;
				ENABLE_STRICT_OBJC_MSGSEND = YES;
				ENABLE_USER_SCRIPT_SANDBOXING = YES;
				GCC_C_LANGUAGE_STANDARD = gnu17;
				GCC_NO_COMMON_BLOCKS = YES;
				GCC_WARN_64_TO_32_BIT_CONVERSION = YES;
				GCC_WARN_ABOUT_RETURN_TYPE = YES_ERROR;
				GCC_WARN_UNDECLARED_SELECTOR = YES;
				GCC_WARN_UNINITIALIZED_AUTOS = YES_AGGRESSIVE;
				GCC_WARN_UNUSED_FUNCTION = YES;
				GCC_WARN_UNUSED_VARIABLE = YES;
				LOCALIZATION_PREFERS_STRING_CATALOGS = YES;
				MTL_ENABLE_DEBUG_INFO = NO;
				MTL_FAST_MATH = YES;
				SWIFT_COMPILATION_MODE = wholemodule;
			};
			name = Release;
		};
		CA7EFB292C41C7C8009A8FDD /* Debug */ = {
			isa = XCBuildConfiguration;
			buildSettings = {
				ASSETCATALOG_COMPILER_APPICON_NAME = AppIcon;
				ASSETCATALOG_COMPILER_GLOBAL_ACCENT_COLOR_NAME = AccentColor;
				CODE_SIGN_ENTITLEMENTS = JuliaChat/JuliaChat.entitlements;
				CODE_SIGN_STYLE = Automatic;
				CURRENT_PROJECT_VERSION = 1;
				DEVELOPMENT_ASSET_PATHS = "\"JuliaChat/Preview Content\"";
				DEVELOPMENT_TEAM = RLJ2FY35FD;
				ENABLE_PREVIEWS = YES;
				GENERATE_INFOPLIST_FILE = YES;
				"INFOPLIST_KEY_UIApplicationSceneManifest_Generation[sdk=iphoneos*]" = YES;
				"INFOPLIST_KEY_UIApplicationSceneManifest_Generation[sdk=iphonesimulator*]" = YES;
				"INFOPLIST_KEY_UIApplicationSupportsIndirectInputEvents[sdk=iphoneos*]" = YES;
				"INFOPLIST_KEY_UIApplicationSupportsIndirectInputEvents[sdk=iphonesimulator*]" = YES;
				"INFOPLIST_KEY_UILaunchScreen_Generation[sdk=iphoneos*]" = YES;
				"INFOPLIST_KEY_UILaunchScreen_Generation[sdk=iphonesimulator*]" = YES;
				"INFOPLIST_KEY_UIStatusBarStyle[sdk=iphoneos*]" = UIStatusBarStyleDefault;
				"INFOPLIST_KEY_UIStatusBarStyle[sdk=iphonesimulator*]" = UIStatusBarStyleDefault;
				INFOPLIST_KEY_UISupportedInterfaceOrientations_iPad = "UIInterfaceOrientationPortrait UIInterfaceOrientationPortraitUpsideDown UIInterfaceOrientationLandscapeLeft UIInterfaceOrientationLandscapeRight";
				INFOPLIST_KEY_UISupportedInterfaceOrientations_iPhone = "UIInterfaceOrientationPortrait UIInterfaceOrientationLandscapeLeft UIInterfaceOrientationLandscapeRight";
				IPHONEOS_DEPLOYMENT_TARGET = 17.2;
				LD_RUNPATH_SEARCH_PATHS = "@executable_path/Frameworks";
				"LD_RUNPATH_SEARCH_PATHS[sdk=macosx*]" = "@executable_path/../Frameworks";
				MACOSX_DEPLOYMENT_TARGET = 14.0;
				MARKETING_VERSION = 1.0;
				PRODUCT_BUNDLE_IDENTIFIER = com.planetnine.JuliaChat;
				PRODUCT_NAME = "$(TARGET_NAME)";
				SDKROOT = auto;
				SUPPORTED_PLATFORMS = "iphoneos iphonesimulator macosx";
				SWIFT_EMIT_LOC_STRINGS = YES;
				SWIFT_VERSION = 5.0;
				TARGETED_DEVICE_FAMILY = "1,2";
			};
			name = Debug;
		};
		CA7EFB2A2C41C7C8009A8FDD /* Release */ = {
			isa = XCBuildConfiguration;
			buildSettings = {
				ASSETCATALOG_COMPILER_APPICON_NAME = AppIcon;
				ASSETCATALOG_COMPILER_GLOBAL_ACCENT_COLOR_NAME = AccentColor;
				CODE_SIGN_ENTITLEMENTS = JuliaChat/JuliaChat.entitlements;
				CODE_SIGN_STYLE = Automatic;
				CURRENT_PROJECT_VERSION = 1;
				DEVELOPMENT_ASSET_PATHS = "\"JuliaChat/Preview Content\"";
				DEVELOPMENT_TEAM = RLJ2FY35FD;
				ENABLE_PREVIEWS = YES;
				GENERATE_INFOPLIST_FILE = YES;
				"INFOPLIST_KEY_UIApplicationSceneManifest_Generation[sdk=iphoneos*]" = YES;
				"INFOPLIST_KEY_UIApplicationSceneManifest_Generation[sdk=iphonesimulator*]" = YES;
				"INFOPLIST_KEY_UIApplicationSupportsIndirectInputEvents[sdk=iphoneos*]" = YES;
				"INFOPLIST_KEY_UIApplicationSupportsIndirectInputEvents[sdk=iphonesimulator*]" = YES;
				"INFOPLIST_KEY_UILaunchScreen_Generation[sdk=iphoneos*]" = YES;
				"INFOPLIST_KEY_UILaunchScreen_Generation[sdk=iphonesimulator*]" = YES;
				"INFOPLIST_KEY_UIStatusBarStyle[sdk=iphoneos*]" = UIStatusBarStyleDefault;
				"INFOPLIST_KEY_UIStatusBarStyle[sdk=iphonesimulator*]" = UIStatusBarStyleDefault;
				INFOPLIST_KEY_UISupportedInterfaceOrientations_iPad = "UIInterfaceOrientationPortrait UIInterfaceOrientationPortraitUpsideDown UIInterfaceOrientationLandscapeLeft UIInterfaceOrientationLandscapeRight";
				INFOPLIST_KEY_UISupportedInterfaceOrientations_iPhone = "UIInterfaceOrientationPortrait UIInterfaceOrientationLandscapeLeft UIInterfaceOrientationLandscapeRight";
				IPHONEOS_DEPLOYMENT_TARGET = 17.2;
				LD_RUNPATH_SEARCH_PATHS = "@executable_path/Frameworks";
				"LD_RUNPATH_SEARCH_PATHS[sdk=macosx*]" = "@executable_path/../Frameworks";
				MACOSX_DEPLOYMENT_TARGET = 14.0;
				MARKETING_VERSION = 1.0;
				PRODUCT_BUNDLE_IDENTIFIER = com.planetnine.JuliaChat;
				PRODUCT_NAME = "$(TARGET_NAME)";
				SDKROOT = auto;
				SUPPORTED_PLATFORMS = "iphoneos iphonesimulator macosx";
				SWIFT_EMIT_LOC_STRINGS = YES;
				SWIFT_VERSION = 5.0;
				TARGETED_DEVICE_FAMILY = "1,2";
			};
			name = Release;
		};
/* End XCBuildConfiguration section */

/* Begin XCConfigurationList section */
		CA7EFB122C41C7C6009A8FDD /* Build configuration list for PBXProject "JuliaChat" */ = {
			isa = XCConfigurationList;
			buildConfigurations = (
				CA7EFB262C41C7C8009A8FDD /* Debug */,
				CA7EFB272C41C7C8009A8FDD /* Release */,
			);
			defaultConfigurationIsVisible = 0;
			defaultConfigurationName = Release;
		};
		CA7EFB282C41C7C8009A8FDD /* Build configuration list for PBXNativeTarget "JuliaChat" */ = {
			isa = XCConfigurationList;
			buildConfigurations = (
				CA7EFB292C41C7C8009A8FDD /* Debug */,
				CA7EFB2A2C41C7C8009A8FDD /* Release */,
			);
			defaultConfigurationIsVisible = 0;
			defaultConfigurationName = Release;
		};
/* End XCConfigurationList section */

/* Begin XCRemoteSwiftPackageReference section */
		CA86A09C2C5DBE0D0096819C /* XCRemoteSwiftPackageReference "stripe-ios-spm" */ = {
			isa = XCRemoteSwiftPackageReference;
			repositoryURL = "https://github.com/stripe/stripe-ios-spm";
			requirement = {
				kind = upToNextMajorVersion;
				minimumVersion = 23.28.1;
			};
		};
/* End XCRemoteSwiftPackageReference section */

/* Begin XCSwiftPackageProductDependency section */
		CA86A09D2C5DBE0D0096819C /* StripePaymentSheet */ = {
			isa = XCSwiftPackageProductDependency;
			package = CA86A09C2C5DBE0D0096819C /* XCRemoteSwiftPackageReference "stripe-ios-spm" */;
			productName = StripePaymentSheet;
		};
/* End XCSwiftPackageProductDependency section */
	};
	rootObject = CA7EFB0F2C41C7C6009A8FDD /* Project object */;
}
